
Microsoft Visual Studio Solution File, Format Version 12.00
# Visual Studio 15
VisualStudioVersion = 15.0.27428.2015
MinimumVisualStudioVersion = 10.0.40219.1
Project("{FAE04EC0-301F-11D3-BF4B-00C04F79EFBC}") = "Spring2018_Group3_Project", "Spring2018_Group3_Project\Spring2018_Group3_Project.csproj", "{C0E1A933-EEF2-45A3-8F79-418527FA896E}"
EndProject
Global
	GlobalSection(SolutionConfigurationPlatforms) = preSolution
		Debug|Any CPU = Debug|Any CPU
		Release|Any CPU = Release|Any CPU
	EndGlobalSection
	GlobalSection(ProjectConfigurationPlatforms) = postSolution
		{C0E1A933-EEF2-45A3-8F79-418527FA896E}.Debug|Any CPU.ActiveCfg = Debug|Any CPU
		{C0E1A933-EEF2-45A3-8F79-418527FA896E}.Debug|Any CPU.Build.0 = Debug|Any CPU
		{C0E1A933-EEF2-45A3-8F79-418527FA896E}.Release|Any CPU.ActiveCfg = Release|Any CPU
		{C0E1A933-EEF2-45A3-8F79-418527FA896E}.Release|Any CPU.Build.0 = Release|Any CPU
	EndGlobalSection
	GlobalSection(SolutionProperties) = preSolution
		HideSolutionNode = FALSE
	EndGlobalSection
	GlobalSection(ExtensibilityGlobals) = postSolution
		SolutionGuid = {B8239C12-1ADA-4B16-8A22-009059AA23E1}
	EndGlobalSection
EndGlobal
